// !$*UTF8*$!
{
	archiveVersion = 1;
	classes = {
	};
	objectVersion = 56;
	objects = {

/* Begin PBXBuildFile section */
		163EA9202AF92045004AA4D2 /* Color.metal in Sources */ = {isa = PBXBuildFile; fileRef = 163EA91F2AF92045004AA4D2 /* Color.metal */; };
		163EA9222AF9205B004AA4D2 /* View+ColorEffect.swift in Sources */ = {isa = PBXBuildFile; fileRef = 163EA9212AF9205B004AA4D2 /* View+ColorEffect.swift */; };
		163EA9242AF9232D004AA4D2 /* Distortion.metal in Sources */ = {isa = PBXBuildFile; fileRef = 163EA9232AF9232D004AA4D2 /* Distortion.metal */; };
		163EA9262AF92335004AA4D2 /* View+DistortionEffect.swift in Sources */ = {isa = PBXBuildFile; fileRef = 163EA9252AF92335004AA4D2 /* View+DistortionEffect.swift */; };
		163EA9282AF9235F004AA4D2 /* Layer.metal in Sources */ = {isa = PBXBuildFile; fileRef = 163EA9272AF9235F004AA4D2 /* Layer.metal */; };
		163EA92A2AF92365004AA4D2 /* View+LayerEffect.swift in Sources */ = {isa = PBXBuildFile; fileRef = 163EA9292AF92365004AA4D2 /* View+LayerEffect.swift */; };
		163EA92D2AF923CD004AA4D2 /* View+ExtraEffects.swift in Sources */ = {isa = PBXBuildFile; fileRef = 163EA92C2AF923CD004AA4D2 /* View+ExtraEffects.swift */; };
		163EA92F2AF923D2004AA4D2 /* Extra.metal in Sources */ = {isa = PBXBuildFile; fileRef = 163EA92E2AF923D2004AA4D2 /* Extra.metal */; };
		16CE358D2AEAFAB100EAD6A6 /* LearnMetalApp.swift in Sources */ = {isa = PBXBuildFile; fileRef = 16CE358C2AEAFAB100EAD6A6 /* LearnMetalApp.swift */; };
		16CE358F2AEAFAB100EAD6A6 /* ContentView.swift in Sources */ = {isa = PBXBuildFile; fileRef = 16CE358E2AEAFAB100EAD6A6 /* ContentView.swift */; };
		16CE35912AEAFAB200EAD6A6 /* Assets.xcassets in Resources */ = {isa = PBXBuildFile; fileRef = 16CE35902AEAFAB200EAD6A6 /* Assets.xcassets */; };
		16CE35942AEAFAB200EAD6A6 /* Preview Assets.xcassets in Resources */ = {isa = PBXBuildFile; fileRef = 16CE35932AEAFAB200EAD6A6 /* Preview Assets.xcassets */; };
/* End PBXBuildFile section */

/* Begin PBXFileReference section */
		163EA91F2AF92045004AA4D2 /* Color.metal */ = {isa = PBXFileReference; lastKnownFileType = sourcecode.metal; path = Color.metal; sourceTree = "<group>"; };
		163EA9212AF9205B004AA4D2 /* View+ColorEffect.swift */ = {isa = PBXFileReference; lastKnownFileType = sourcecode.swift; path = "View+ColorEffect.swift"; sourceTree = "<group>"; };
		163EA9232AF9232D004AA4D2 /* Distortion.metal */ = {isa = PBXFileReference; lastKnownFileType = sourcecode.metal; path = Distortion.metal; sourceTree = "<group>"; };
		163EA9252AF92335004AA4D2 /* View+DistortionEffect.swift */ = {isa = PBXFileReference; lastKnownFileType = sourcecode.swift; path = "View+DistortionEffect.swift"; sourceTree = "<group>"; };
		163EA9272AF9235F004AA4D2 /* Layer.metal */ = {isa = PBXFileReference; lastKnownFileType = sourcecode.metal; path = Layer.metal; sourceTree = "<group>"; };
		163EA9292AF92365004AA4D2 /* View+LayerEffect.swift */ = {isa = PBXFileReference; lastKnownFileType = sourcecode.swift; path = "View+LayerEffect.swift"; sourceTree = "<group>"; };
		163EA92C2AF923CD004AA4D2 /* View+ExtraEffects.swift */ = {isa = PBXFileReference; lastKnownFileType = sourcecode.swift; path = "View+ExtraEffects.swift"; sourceTree = "<group>"; };
		163EA92E2AF923D2004AA4D2 /* Extra.metal */ = {isa = PBXFileReference; lastKnownFileType = sourcecode.metal; path = Extra.metal; sourceTree = "<group>"; };
		16CE35892AEAFAB100EAD6A6 /* LearnMetal.app */ = {isa = PBXFileReference; explicitFileType = wrapper.application; includeInIndex = 0; path = LearnMetal.app; sourceTree = BUILT_PRODUCTS_DIR; };
		16CE358C2AEAFAB100EAD6A6 /* LearnMetalApp.swift */ = {isa = PBXFileReference; lastKnownFileType = sourcecode.swift; path = LearnMetalApp.swift; sourceTree = "<group>"; };
		16CE358E2AEAFAB100EAD6A6 /* ContentView.swift */ = {isa = PBXFileReference; lastKnownFileType = sourcecode.swift; path = ContentView.swift; sourceTree = "<group>"; };
		16CE35902AEAFAB200EAD6A6 /* Assets.xcassets */ = {isa = PBXFileReference; lastKnownFileType = folder.assetcatalog; path = Assets.xcassets; sourceTree = "<group>"; };
		16CE35932AEAFAB200EAD6A6 /* Preview Assets.xcassets */ = {isa = PBXFileReference; lastKnownFileType = folder.assetcatalog; path = "Preview Assets.xcassets"; sourceTree = "<group>"; };
/* End PBXFileReference section */

/* Begin PBXFrameworksBuildPhase section */
		16CE35862AEAFAB100EAD6A6 /* Frameworks */ = {
			isa = PBXFrameworksBuildPhase;
			buildActionMask = 2147483647;
			files = (
			);
			runOnlyForDeploymentPostprocessing = 0;
		};
/* End PBXFrameworksBuildPhase section */

/* Begin PBXGroup section */
		163EA91C2AF91EFF004AA4D2 /* ColorEffects */ = {
			isa = PBXGroup;
			children = (
				163EA91F2AF92045004AA4D2 /* Color.metal */,
				163EA9212AF9205B004AA4D2 /* View+ColorEffect.swift */,
			);
			path = ColorEffects;
			sourceTree = "<group>";
		};
		163EA91D2AF91F0B004AA4D2 /* DistortionEffects */ = {
			isa = PBXGroup;
			children = (
				163EA9232AF9232D004AA4D2 /* Distortion.metal */,
				163EA9252AF92335004AA4D2 /* View+DistortionEffect.swift */,
			);
			path = DistortionEffects;
			sourceTree = "<group>";
		};
		163EA91E2AF91F11004AA4D2 /* LayerEffects */ = {
			isa = PBXGroup;
			children = (
				163EA9272AF9235F004AA4D2 /* Layer.metal */,
				163EA9292AF92365004AA4D2 /* View+LayerEffect.swift */,
			);
			path = LayerEffects;
			sourceTree = "<group>";
		};
		163EA92B2AF923C0004AA4D2 /* ExtraEffects */ = {
			isa = PBXGroup;
			children = (
				163EA92C2AF923CD004AA4D2 /* View+ExtraEffects.swift */,
				163EA92E2AF923D2004AA4D2 /* Extra.metal */,
			);
			path = ExtraEffects;
			sourceTree = "<group>";
		};
		16CE35802AEAFAB100EAD6A6 = {
			isa = PBXGroup;
			children = (
				16CE358B2AEAFAB100EAD6A6 /* LearnMetal */,
				16CE358A2AEAFAB100EAD6A6 /* Products */,
			);
			sourceTree = "<group>";
		};
		16CE358A2AEAFAB100EAD6A6 /* Products */ = {
			isa = PBXGroup;
			children = (
				16CE35892AEAFAB100EAD6A6 /* LearnMetal.app */,
			);
			name = Products;
			sourceTree = "<group>";
		};
		16CE358B2AEAFAB100EAD6A6 /* LearnMetal */ = {
			isa = PBXGroup;
			children = (
				163EA91C2AF91EFF004AA4D2 /* ColorEffects */,
				163EA91D2AF91F0B004AA4D2 /* DistortionEffects */,
				163EA91E2AF91F11004AA4D2 /* LayerEffects */,
				163EA92B2AF923C0004AA4D2 /* ExtraEffects */,
				16CE358C2AEAFAB100EAD6A6 /* LearnMetalApp.swift */,
				16CE358E2AEAFAB100EAD6A6 /* ContentView.swift */,
				16CE35902AEAFAB200EAD6A6 /* Assets.xcassets */,
				16CE35922AEAFAB200EAD6A6 /* Preview Content */,
			);
			path = LearnMetal;
			sourceTree = "<group>";
		};
		16CE35922AEAFAB200EAD6A6 /* Preview Content */ = {
			isa = PBXGroup;
			children = (
				16CE35932AEAFAB200EAD6A6 /* Preview Assets.xcassets */,
			);
			path = "Preview Content";
			sourceTree = "<group>";
		};
/* End PBXGroup section */

/* Begin PBXNativeTarget section */
		16CE35882AEAFAB100EAD6A6 /* LearnMetal */ = {
			isa = PBXNativeTarget;
			buildConfigurationList = 16CE35972AEAFAB200EAD6A6 /* Build configuration list for PBXNativeTarget "LearnMetal" */;
			buildPhases = (
				16CE35852AEAFAB100EAD6A6 /* Sources */,
				16CE35862AEAFAB100EAD6A6 /* Frameworks */,
				16CE35872AEAFAB100EAD6A6 /* Resources */,
			);
			buildRules = (
			);
			dependencies = (
			);
			name = LearnMetal;
			productName = LearnMetal;
			productReference = 16CE35892AEAFAB100EAD6A6 /* LearnMetal.app */;
			productType = "com.apple.product-type.application";
		};
/* End PBXNativeTarget section */

/* Begin PBXProject section */
		16CE35812AEAFAB100EAD6A6 /* Project object */ = {
			isa = PBXProject;
			attributes = {
				BuildIndependentTargetsInParallel = 1;
				LastSwiftUpdateCheck = 1500;
				LastUpgradeCheck = 1500;
				TargetAttributes = {
					16CE35882AEAFAB100EAD6A6 = {
						CreatedOnToolsVersion = 15.0;
					};
				};
			};
			buildConfigurationList = 16CE35842AEAFAB100EAD6A6 /* Build configuration list for PBXProject "LearnMetal" */;
			compatibilityVersion = "Xcode 14.0";
			developmentRegion = en;
			hasScannedForEncodings = 0;
			knownRegions = (
				en,
				Base,
			);
			mainGroup = 16CE35802AEAFAB100EAD6A6;
			productRefGroup = 16CE358A2AEAFAB100EAD6A6 /* Products */;
			projectDirPath = "";
			projectRoot = "";
			targets = (
				16CE35882AEAFAB100EAD6A6 /* LearnMetal */,
			);
		};
/* End PBXProject section */

/* Begin PBXResourcesBuildPhase section */
		16CE35872AEAFAB100EAD6A6 /* Resources */ = {
			isa = PBXResourcesBuildPhase;
			buildActionMask = 2147483647;
			files = (
				16CE35942AEAFAB200EAD6A6 /* Preview Assets.xcassets in Resources */,
				16CE35912AEAFAB200EAD6A6 /* Assets.xcassets in Resources */,
			);
			runOnlyForDeploymentPostprocessing = 0;
		};
/* End PBXResourcesBuildPhase section */

/* Begin PBXSourcesBuildPhase section */
		16CE35852AEAFAB100EAD6A6 /* Sources */ = {
			isa = PBXSourcesBuildPhase;
			buildActionMask = 2147483647;
			files = (
				163EA9282AF9235F004AA4D2 /* Layer.metal in Sources */,
				163EA92A2AF92365004AA4D2 /* View+LayerEffect.swift in Sources */,
				163EA92F2AF923D2004AA4D2 /* Extra.metal in Sources */,
				163EA9262AF92335004AA4D2 /* View+DistortionEffect.swift in Sources */,
				16CE358F2AEAFAB100EAD6A6 /* ContentView.swift in Sources */,
				163EA9202AF92045004AA4D2 /* Color.metal in Sources */,
				163EA92D2AF923CD004AA4D2 /* View+ExtraEffects.swift in Sources */,
				16CE358D2AEAFAB100EAD6A6 /* LearnMetalApp.swift in Sources */,
				163EA9242AF9232D004AA4D2 /* Distortion.metal in Sources */,
				163EA9222AF9205B004AA4D2 /* View+ColorEffect.swift in Sources */,
			);
			runOnlyForDeploymentPostprocessing = 0;
		};
/* End PBXSourcesBuildPhase section */

/* Begin XCBuildConfiguration section */
		16CE35952AEAFAB200EAD6A6 /* Debug */ = {
			isa = XCBuildConfiguration;
			buildSettings = {
				ALWAYS_SEARCH_USER_PATHS = NO;
				ASSETCATALOG_COMPILER_GENERATE_SWIFT_ASSET_SYMBOL_EXTENSIONS = YES;
				CLANG_ANALYZER_NONNULL = YES;
				CLANG_ANALYZER_NUMBER_OBJECT_CONVERSION = YES_AGGRESSIVE;
				CLANG_CXX_LANGUAGE_STANDARD = "gnu++20";
				CLANG_ENABLE_MODULES = YES;
				CLANG_ENABLE_OBJC_ARC = YES;
				CLANG_ENABLE_OBJC_WEAK = YES;
				CLANG_WARN_BLOCK_CAPTURE_AUTORELEASING = YES;
				CLANG_WARN_BOOL_CONVERSION = YES;
				CLANG_WARN_COMMA = YES;
				CLANG_WARN_CONSTANT_CONVERSION = YES;
				CLANG_WARN_DEPRECATED_OBJC_IMPLEMENTATIONS = YES;
				CLANG_WARN_DIRECT_OBJC_ISA_USAGE = YES_ERROR;
				CLANG_WARN_DOCUMENTATION_COMMENTS = YES;
				CLANG_WARN_EMPTY_BODY = YES;
				CLANG_WARN_ENUM_CONVERSION = YES;
				CLANG_WARN_INFINITE_RECURSION = YES;
				CLANG_WARN_INT_CONVERSION = YES;
				CLANG_WARN_NON_LITERAL_NULL_CONVERSION = YES;
				CLANG_WARN_OBJC_IMPLICIT_RETAIN_SELF = YES;
				CLANG_WARN_OBJC_LITERAL_CONVERSION = YES;
				CLANG_WARN_OBJC_ROOT_CLASS = YES_ERROR;
				CLANG_WARN_QUOTED_INCLUDE_IN_FRAMEWORK_HEADER = YES;
				CLANG_WARN_RANGE_LOOP_ANALYSIS = YES;
				CLANG_WARN_STRICT_PROTOTYPES = YES;
				CLANG_WARN_SUSPICIOUS_MOVE = YES;
				CLANG_WARN_UNGUARDED_AVAILABILITY = YES_AGGRESSIVE;
				CLANG_WARN_UNREACHABLE_CODE = YES;
				CLANG_WARN__DUPLICATE_METHOD_MATCH = YES;
				COPY_PHASE_STRIP = NO;
				DEBUG_INFORMATION_FORMAT = dwarf;
				ENABLE_STRICT_OBJC_MSGSEND = YES;
				ENABLE_TESTABILITY = YES;
				ENABLE_USER_SCRIPT_SANDBOXING = YES;
				GCC_C_LANGUAGE_STANDARD = gnu17;
				GCC_DYNAMIC_NO_PIC = NO;
				GCC_NO_COMMON_BLOCKS = YES;
				GCC_OPTIMIZATION_LEVEL = 0;
				GCC_PREPROCESSOR_DEFINITIONS = (
					"DEBUG=1",
					"$(inherited)",
				);
				GCC_WARN_64_TO_32_BIT_CONVERSION = YES;
				GCC_WARN_ABOUT_RETURN_TYPE = YES_ERROR;
				GCC_WARN_UNDECLARED_SELECTOR = YES;
				GCC_WARN_UNINITIALIZED_AUTOS = YES_AGGRESSIVE;
				GCC_WARN_UNUSED_FUNCTION = YES;
				GCC_WARN_UNUSED_VARIABLE = YES;
				IPHONEOS_DEPLOYMENT_TARGET = 17.0;
				LOCALIZATION_PREFERS_STRING_CATALOGS = YES;
				MTL_ENABLE_DEBUG_INFO = INCLUDE_SOURCE;
				MTL_FAST_MATH = YES;
				ONLY_ACTIVE_ARCH = YES;
				SDKROOT = iphoneos;
				SWIFT_ACTIVE_COMPILATION_CONDITIONS = "DEBUG $(inherited)";
				SWIFT_OPTIMIZATION_LEVEL = "-Onone";
			};
			name = Debug;
		};
		16CE35962AEAFAB200EAD6A6 /* Release */ = {
			isa = XCBuildConfiguration;
			buildSettings = {
				ALWAYS_SEARCH_USER_PATHS = NO;
				ASSETCATALOG_COMPILER_GENERATE_SWIFT_ASSET_SYMBOL_EXTENSIONS = YES;
				CLANG_ANALYZER_NONNULL = YES;
				CLANG_ANALYZER_NUMBER_OBJECT_CONVERSION = YES_AGGRESSIVE;
				CLANG_CXX_LANGUAGE_STANDARD = "gnu++20";
				CLANG_ENABLE_MODULES = YES;
				CLANG_ENABLE_OBJC_ARC = YES;
				CLANG_ENABLE_OBJC_WEAK = YES;
				CLANG_WARN_BLOCK_CAPTURE_AUTORELEASING = YES;
				CLANG_WARN_BOOL_CONVERSION = YES;
				CLANG_WARN_COMMA = YES;
				CLANG_WARN_CONSTANT_CONVERSION = YES;
				CLANG_WARN_DEPRECATED_OBJC_IMPLEMENTATIONS = YES;
				CLANG_WARN_DIRECT_OBJC_ISA_USAGE = YES_ERROR;
				CLANG_WARN_DOCUMENTATION_COMMENTS = YES;
				CLANG_WARN_EMPTY_BODY = YES;
				CLANG_WARN_ENUM_CONVERSION = YES;
				CLANG_WARN_INFINITE_RECURSION = YES;
				CLANG_WARN_INT_CONVERSION = YES;
				CLANG_WARN_NON_LITERAL_NULL_CONVERSION = YES;
				CLANG_WARN_OBJC_IMPLICIT_RETAIN_SELF = YES;
				CLANG_WARN_OBJC_LITERAL_CONVERSION = YES;
				CLANG_WARN_OBJC_ROOT_CLASS = YES_ERROR;
				CLANG_WARN_QUOTED_INCLUDE_IN_FRAMEWORK_HEADER = YES;
				CLANG_WARN_RANGE_LOOP_ANALYSIS = YES;
				CLANG_WARN_STRICT_PROTOTYPES = YES;
				CLANG_WARN_SUSPICIOUS_MOVE = YES;
				CLANG_WARN_UNGUARDED_AVAILABILITY = YES_AGGRESSIVE;
				CLANG_WARN_UNREACHABLE_CODE = YES;
				CLANG_WARN__DUPLICATE_METHOD_MATCH = YES;
				COPY_PHASE_STRIP = NO;
				DEBUG_INFORMATION_FORMAT = "dwarf-with-dsym";
				ENABLE_NS_ASSERTIONS = NO;
				ENABLE_STRICT_OBJC_MSGSEND = YES;
				ENABLE_USER_SCRIPT_SANDBOXING = YES;
				GCC_C_LANGUAGE_STANDARD = gnu17;
				GCC_NO_COMMON_BLOCKS = YES;
				GCC_WARN_64_TO_32_BIT_CONVERSION = YES;
				GCC_WARN_ABOUT_RETURN_TYPE = YES_ERROR;
				GCC_WARN_UNDECLARED_SELECTOR = YES;
				GCC_WARN_UNINITIALIZED_AUTOS = YES_AGGRESSIVE;
				GCC_WARN_UNUSED_FUNCTION = YES;
				GCC_WARN_UNUSED_VARIABLE = YES;
				IPHONEOS_DEPLOYMENT_TARGET = 17.0;
				LOCALIZATION_PREFERS_STRING_CATALOGS = YES;
				MTL_ENABLE_DEBUG_INFO = NO;
				MTL_FAST_MATH = YES;
				SDKROOT = iphoneos;
				SWIFT_COMPILATION_MODE = wholemodule;
				VALIDATE_PRODUCT = YES;
			};
			name = Release;
		};
		16CE35982AEAFAB200EAD6A6 /* Debug */ = {
			isa = XCBuildConfiguration;
			buildSettings = {
				ASSETCATALOG_COMPILER_APPICON_NAME = AppIcon;
				ASSETCATALOG_COMPILER_GLOBAL_ACCENT_COLOR_NAME = AccentColor;
				CODE_SIGN_STYLE = Automatic;
				CURRENT_PROJECT_VERSION = 1;
				DEVELOPMENT_ASSET_PATHS = "\"LearnMetal/Preview Content\"";
				DEVELOPMENT_TEAM = 9H7GAWSLA8;
				ENABLE_PREVIEWS = YES;
				GENERATE_INFOPLIST_FILE = YES;
				INFOPLIST_KEY_UIApplicationSceneManifest_Generation = YES;
				INFOPLIST_KEY_UIApplicationSupportsIndirectInputEvents = YES;
				INFOPLIST_KEY_UILaunchScreen_Generation = YES;
				INFOPLIST_KEY_UISupportedInterfaceOrientations = UIInterfaceOrientationLandscapeRight;
				LD_RUNPATH_SEARCH_PATHS = (
					"$(inherited)",
					"@executable_path/Frameworks",
				);
				MARKETING_VERSION = 1.0;
				PRODUCT_BUNDLE_IDENTIFIER = com.jacob.LearnMetal;
				PRODUCT_NAME = "$(TARGET_NAME)";
				SWIFT_EMIT_LOC_STRINGS = YES;
				SWIFT_VERSION = 5.0;
				TARGETED_DEVICE_FAMILY = "1,2";
			};
			name = Debug;
		};
		16CE35992AEAFAB200EAD6A6 /* Release */ = {
			isa = XCBuildConfiguration;
			buildSettings = {
				ASSETCATALOG_COMPILER_APPICON_NAME = AppIcon;
				ASSETCATALOG_COMPILER_GLOBAL_ACCENT_COLOR_NAME = AccentColor;
				CODE_SIGN_STYLE = Automatic;
				CURRENT_PROJECT_VERSION = 1;
				DEVELOPMENT_ASSET_PATHS = "\"LearnMetal/Preview Content\"";
				DEVELOPMENT_TEAM = 9H7GAWSLA8;
				ENABLE_PREVIEWS = YES;
				GENERATE_INFOPLIST_FILE = YES;
				INFOPLIST_KEY_UIApplicationSceneManifest_Generation = YES;
				INFOPLIST_KEY_UIApplicationSupportsIndirectInputEvents = YES;
				INFOPLIST_KEY_UILaunchScreen_Generation = YES;
				INFOPLIST_KEY_UISupportedInterfaceOrientations = UIInterfaceOrientationLandscapeRight;
				LD_RUNPATH_SEARCH_PATHS = (
					"$(inherited)",
					"@executable_path/Frameworks",
				);
				MARKETING_VERSION = 1.0;
				PRODUCT_BUNDLE_IDENTIFIER = com.jacob.LearnMetal;
				PRODUCT_NAME = "$(TARGET_NAME)";
				SWIFT_EMIT_LOC_STRINGS = YES;
				SWIFT_VERSION = 5.0;
				TARGETED_DEVICE_FAMILY = "1,2";
			};
			name = Release;
		};
/* End XCBuildConfiguration section */

/* Begin XCConfigurationList section */
		16CE35842AEAFAB100EAD6A6 /* Build configuration list for PBXProject "LearnMetal" */ = {
			isa = XCConfigurationList;
			buildConfigurations = (
				16CE35952AEAFAB200EAD6A6 /* Debug */,
				16CE35962AEAFAB200EAD6A6 /* Release */,
			);
			defaultConfigurationIsVisible = 0;
			defaultConfigurationName = Release;
		};
		16CE35972AEAFAB200EAD6A6 /* Build configuration list for PBXNativeTarget "LearnMetal" */ = {
			isa = XCConfigurationList;
			buildConfigurations = (
				16CE35982AEAFAB200EAD6A6 /* Debug */,
				16CE35992AEAFAB200EAD6A6 /* Release */,
			);
			defaultConfigurationIsVisible = 0;
			defaultConfigurationName = Release;
		};
/* End XCConfigurationList section */
	};
	rootObject = 16CE35812AEAFAB100EAD6A6 /* Project object */;
}
